Microsoft Visual Studio Solution File, Format Version 12.00
# Visual Studio Version 17
VisualStudioVersion = 17.5.2.0
MinimumVisualStudioVersion = 10.0.40219.1
Project("{FAE04EC0-301F-11D3-BF4B-00C04F79EFBC}") = "labora1", "labora1.csproj", "{000ACD12-7794-9B21-31E4-6A97BA754997}"
EndProject
Global
	GlobalSection(SolutionConfigurationPlatforms) = preSolution
		Debug|Any CPU = Debug|Any CPU
		Release|Any CPU = Release|Any CPU
	EndGlobalSection
	GlobalSection(ProjectConfigurationPlatforms) = postSolution
		{000ACD12-7794-9B21-31E4-6A97BA754997}.Debug|Any CPU.ActiveCfg = Debug|Any CPU
		{000ACD12-7794-9B21-31E4-6A97BA754997}.Debug|Any CPU.Build.0 = Debug|Any CPU
		{000ACD12-7794-9B21-31E4-6A97BA754997}.Release|Any CPU.ActiveCfg = Release|Any CPU
		{000ACD12-7794-9B21-31E4-6A97BA754997}.Release|Any CPU.Build.0 = Release|Any CPU
	EndGlobalSection
	GlobalSection(SolutionProperties) = preSolution
		HideSolutionNode = FALSE
	EndGlobalSection
	GlobalSection(ExtensibilityGlobals) = postSolution
		SolutionGuid = {FDEEDE40-C09E-49D0-B3A2-291E77CEA6D9}
	EndGlobalSection
EndGlobal
